# This file is automatically @generated by Cargo.
# It is not intended for manual editing.
version = 4

[[package]]
name = "cli"
version = "0.1.0"
dependencies = [
 "compiler",
]

[[package]]
name = "compiler"
version = "0.1.0"
dependencies = [
 "diagnostics",
 "lexer",
 "shared",
 "syntax",
]

[[package]]
name = "diagnostics"
version = "0.1.0"
dependencies = [
 "shared",
]

[[package]]
name = "eclipse"
version = "0.1.0"

[[package]]
name = "lexer"
version = "0.1.0"
dependencies = [
 "shared",
 "syntax",
]

[[package]]
name = "lsp"
version = "0.1.0"

[[package]]
name = "shared"
version = "0.1.0"

[[package]]
name = "syntax"
version = "0.1.0"
dependencies = [
 "shared",
]
